
Microsoft Visual Studio Solution File, Format Version 12.00
# Visual Studio Version 17
VisualStudioVersion = 17.11.35005.142
MinimumVisualStudioVersion = 10.0.40219.1
Project("{FAE04EC0-301F-11D3-BF4B-00C04F79EFBC}") = "Inheritance and Method Overriding", "Inheritance and Method Overriding\Inheritance and Method Overriding.csproj", "{894C348D-87F4-43A4-87C0-88934011EDF2}"
EndProject
Global
	GlobalSection(SolutionConfigurationPlatforms) = preSolution
		Debug|Any CPU = Debug|Any CPU
		Release|Any CPU = Release|Any CPU
	EndGlobalSection
	GlobalSection(ProjectConfigurationPlatforms) = postSolution
		{894C348D-87F4-43A4-87C0-88934011EDF2}.Debug|Any CPU.ActiveCfg = Debug|Any CPU
		{894C348D-87F4-43A4-87C0-88934011EDF2}.Debug|Any CPU.Build.0 = Debug|Any CPU
		{894C348D-87F4-43A4-87C0-88934011EDF2}.Release|Any CPU.ActiveCfg = Release|Any CPU
		{894C348D-87F4-43A4-87C0-88934011EDF2}.Release|Any CPU.Build.0 = Release|Any CPU
	EndGlobalSection
	GlobalSection(SolutionProperties) = preSolution
		HideSolutionNode = FALSE
	EndGlobalSection
	GlobalSection(ExtensibilityGlobals) = postSolution
		SolutionGuid = {41D8306A-2639-4196-BAD2-A3EF3FCC9E0B}
	EndGlobalSection
EndGlobal
